# ggen.lock — generated by `ggen sync`. Do not edit.

[packs.clap-noun-verb-behavior-pack]
source = "path:../clap-noun-verb-behavior-pack"
content_hash = "blake3:2cf25ee0aa8ff03efda0b3c0b3edee28e8617bc1bfed114bc890f65d17aa6cbf"

[packs.clap-noun-verb-boundary-pack]
source = "path:../clap-noun-verb-boundary-pack"
content_hash = "blake3:aa8878e72b2779d5fbc474d0aa38e496aa3a0eaa277658a5f75de3373113540e"

[packs.clap-noun-verb-crate-pack]
source = "path:../clap-noun-verb-crate-pack"
content_hash = "blake3:73667cad17581f80624b353a303801b4d59cb4d1ae20d1ceaeaca423460a9168"

[packs.clap-noun-verb-routing-pack]
source = "path:../clap-noun-verb-routing-pack"
content_hash = "blake3:4c5d4c432e9f7c829c3c946bdc7aec26f217620cab26209929fb5db97c1babf7"

[packs.clap-noun-verb-schema-pack]
source = "path:../clap-noun-verb-schema-pack"
content_hash = "blake3:1e0c333ee1da9e11aec305804e1ee9b9bec25ce0f5645e0eebb1ba48803725d9"

[packs.clap-noun-verb-verification-pack]
source = "path:../clap-noun-verb-verification-pack"
content_hash = "blake3:6d134a997199181f97d54810da37700e0177381cfd888505fc38871e3650d38f"
